
Microsoft Visual Studio Solution File, Format Version 12.00
# Visual Studio Version 16
VisualStudioVersion = 16.0.31515.178
MinimumVisualStudioVersion = 10.0.40219.1
Project("{FAE04EC0-301F-11D3-BF4B-00C04F79EFBC}") = "DongTienQuang-BaiTest", "DongTienQuang-BaiTest\DongTienQuang-BaiTest.csproj", "{08817B45-E518-477F-B480-C057302188F1}"
EndProject
Global
	GlobalSection(SolutionConfigurationPlatforms) = preSolution
		Debug|Any CPU = Debug|Any CPU
		Release|Any CPU = Release|Any CPU
	EndGlobalSection
	GlobalSection(ProjectConfigurationPlatforms) = postSolution
		{08817B45-E518-477F-B480-C057302188F1}.Debug|Any CPU.ActiveCfg = Debug|Any CPU
		{08817B45-E518-477F-B480-C057302188F1}.Debug|Any CPU.Build.0 = Debug|Any CPU
		{08817B45-E518-477F-B480-C057302188F1}.Release|Any CPU.ActiveCfg = Release|Any CPU
		{08817B45-E518-477F-B480-C057302188F1}.Release|Any CPU.Build.0 = Release|Any CPU
	EndGlobalSection
	GlobalSection(SolutionProperties) = preSolution
		HideSolutionNode = FALSE
	EndGlobalSection
	GlobalSection(ExtensibilityGlobals) = postSolution
		SolutionGuid = {BD234484-1D40-4951-9251-45C5C24F3528}
	EndGlobalSection
EndGlobal
